
Microsoft Visual Studio Solution File, Format Version 12.00
# Visual Studio Version 17
VisualStudioVersion = 17.6.33815.320
MinimumVisualStudioVersion = 10.0.40219.1
Project("{FAE04EC0-301F-11D3-BF4B-00C04F79EFBC}") = "HomeTask_DataConnector", "HomeTask_DataConnector\HomeTask_DataConnector.csproj", "{7F784441-E60F-4AE5-9181-454471FF53CE}"
EndProject
Global
	GlobalSection(SolutionConfigurationPlatforms) = preSolution
		Debug|Any CPU = Debug|Any CPU
		Release|Any CPU = Release|Any CPU
	EndGlobalSection
	GlobalSection(ProjectConfigurationPlatforms) = postSolution
		{7F784441-E60F-4AE5-9181-454471FF53CE}.Debug|Any CPU.ActiveCfg = Debug|Any CPU
		{7F784441-E60F-4AE5-9181-454471FF53CE}.Debug|Any CPU.Build.0 = Debug|Any CPU
		{7F784441-E60F-4AE5-9181-454471FF53CE}.Release|Any CPU.ActiveCfg = Release|Any CPU
		{7F784441-E60F-4AE5-9181-454471FF53CE}.Release|Any CPU.Build.0 = Release|Any CPU
	EndGlobalSection
	GlobalSection(SolutionProperties) = preSolution
		HideSolutionNode = FALSE
	EndGlobalSection
	GlobalSection(ExtensibilityGlobals) = postSolution
		SolutionGuid = {F738E575-6076-4F9E-A45A-80ECF3F8FA30}
	EndGlobalSection
EndGlobal
